
Microsoft Visual Studio Solution File, Format Version 12.00
# Visual Studio Version 17
VisualStudioVersion = 17.4.33205.214
MinimumVisualStudioVersion = 10.0.40219.1
Project("{9A19103F-16F7-4668-BE54-9A1E7A4F7556}") = "WgpuWrappersSilk.Net", "WgpuWrappersSilk.Net\WgpuWrappersSilk.Net.csproj", "{0A18D70E-8F39-4482-A1B3-8EB9F26566D9}"
EndProject
Project("{9A19103F-16F7-4668-BE54-9A1E7A4F7556}") = "Silk.NET.WebGPU", "..\..\..\Documents\GitHub\Silk.Net\src\WebGPU\Silk.NET.WebGPU\Silk.NET.WebGPU.csproj", "{DF7DD6F1-EB4A-40FF-9E23-B4A49B2EF964}"
EndProject
Project("{9A19103F-16F7-4668-BE54-9A1E7A4F7556}") = "Silk.NET.Windowing", "..\..\..\Documents\GitHub\Silk.Net\src\Windowing\Silk.NET.Windowing\Silk.NET.Windowing.csproj", "{87882193-2387-403A-AAB4-9A00B615DB15}"
EndProject
Global
	GlobalSection(SolutionConfigurationPlatforms) = preSolution
		Debug|Any CPU = Debug|Any CPU
		Release|Any CPU = Release|Any CPU
	EndGlobalSection
	GlobalSection(ProjectConfigurationPlatforms) = postSolution
		{0A18D70E-8F39-4482-A1B3-8EB9F26566D9}.Debug|Any CPU.ActiveCfg = Debug|Any CPU
		{0A18D70E-8F39-4482-A1B3-8EB9F26566D9}.Debug|Any CPU.Build.0 = Debug|Any CPU
		{0A18D70E-8F39-4482-A1B3-8EB9F26566D9}.Release|Any CPU.ActiveCfg = Release|Any CPU
		{0A18D70E-8F39-4482-A1B3-8EB9F26566D9}.Release|Any CPU.Build.0 = Release|Any CPU
		{DF7DD6F1-EB4A-40FF-9E23-B4A49B2EF964}.Debug|Any CPU.ActiveCfg = Debug|Any CPU
		{DF7DD6F1-EB4A-40FF-9E23-B4A49B2EF964}.Debug|Any CPU.Build.0 = Debug|Any CPU
		{DF7DD6F1-EB4A-40FF-9E23-B4A49B2EF964}.Release|Any CPU.ActiveCfg = Release|Any CPU
		{DF7DD6F1-EB4A-40FF-9E23-B4A49B2EF964}.Release|Any CPU.Build.0 = Release|Any CPU
		{87882193-2387-403A-AAB4-9A00B615DB15}.Debug|Any CPU.ActiveCfg = Debug|Any CPU
		{87882193-2387-403A-AAB4-9A00B615DB15}.Debug|Any CPU.Build.0 = Debug|Any CPU
		{87882193-2387-403A-AAB4-9A00B615DB15}.Release|Any CPU.ActiveCfg = Release|Any CPU
		{87882193-2387-403A-AAB4-9A00B615DB15}.Release|Any CPU.Build.0 = Release|Any CPU
	EndGlobalSection
	GlobalSection(SolutionProperties) = preSolution
		HideSolutionNode = FALSE
	EndGlobalSection
	GlobalSection(ExtensibilityGlobals) = postSolution
		SolutionGuid = {636C9BF9-A89F-49EE-A346-2F1821BDD053}
	EndGlobalSection
EndGlobal
