
Microsoft Visual Studio Solution File, Format Version 12.00
# Visual Studio Version 17
VisualStudioVersion = 17.4.33205.214
MinimumVisualStudioVersion = 10.0.40219.1
Project("{9A19103F-16F7-4668-BE54-9A1E7A4F7556}") = "Silk.NET.WebGPU.Safe", "Silk.NET.WebGPU.Safe\Silk.NET.WebGPU.Safe.csproj", "{32D9971D-E43C-4CB2-91F2-D367611C6995}"
EndProject
Project("{2150E333-8FDC-42A3-9474-1A3956D46DE8}") = "Samples", "Samples", "{B01961D1-CC2F-42E3-B560-9CD98126083B}"
EndProject
Project("{9A19103F-16F7-4668-BE54-9A1E7A4F7556}") = "Hello-Triangle", "Samples\Hello-Triangle\Hello-Triangle.csproj", "{31B47596-2698-4890-A347-9927ACA48594}"
EndProject
Project("{9A19103F-16F7-4668-BE54-9A1E7A4F7556}") = "Textured-Cube", "Samples\Textured-Cube\Textured-Cube.csproj", "{49C85A16-E504-45F6-A7FB-F18CF5EE6742}"
EndProject
Project("{9A19103F-16F7-4668-BE54-9A1E7A4F7556}") = "Instancing", "Samples\Instancing\Instancing.csproj", "{3E5A12C6-93D6-4607-A0E3-53580885C2CA}"
EndProject
Project("{9A19103F-16F7-4668-BE54-9A1E7A4F7556}") = "Imgui", "Samples\ImGui\Imgui.csproj", "{F1518E32-9305-4E7E-AC18-DE20974E7804}"
EndProject
Project("{9A19103F-16F7-4668-BE54-9A1E7A4F7556}") = "Silk.NET.WebGPU.Extensions.ImGui", "Silk.NET.WebGPU.Extensions.ImGui\Silk.NET.WebGPU.Extensions.ImGui.csproj", "{4985076C-18F0-4EF5-917A-80531877444B}"
EndProject
Project("{9A19103F-16F7-4668-BE54-9A1E7A4F7556}") = "Deferred-Rendering", "Samples\Deferred-Rendering\Deferred-Rendering.csproj", "{24CE798A-8F4C-48A9-AECA-B86F4037A369}"
EndProject
Project("{9A19103F-16F7-4668-BE54-9A1E7A4F7556}") = "Picking", "Samples\Picking\Picking.csproj", "{70B44B88-AF74-44E6-9326-321E217564FC}"
EndProject
Global
	GlobalSection(SolutionConfigurationPlatforms) = preSolution
		Debug|Any CPU = Debug|Any CPU
		Release|Any CPU = Release|Any CPU
	EndGlobalSection
	GlobalSection(ProjectConfigurationPlatforms) = postSolution
		{32D9971D-E43C-4CB2-91F2-D367611C6995}.Debug|Any CPU.ActiveCfg = Debug|Any CPU
		{32D9971D-E43C-4CB2-91F2-D367611C6995}.Debug|Any CPU.Build.0 = Debug|Any CPU
		{32D9971D-E43C-4CB2-91F2-D367611C6995}.Release|Any CPU.ActiveCfg = Release|Any CPU
		{32D9971D-E43C-4CB2-91F2-D367611C6995}.Release|Any CPU.Build.0 = Release|Any CPU
		{31B47596-2698-4890-A347-9927ACA48594}.Debug|Any CPU.ActiveCfg = Debug|Any CPU
		{31B47596-2698-4890-A347-9927ACA48594}.Debug|Any CPU.Build.0 = Debug|Any CPU
		{31B47596-2698-4890-A347-9927ACA48594}.Release|Any CPU.ActiveCfg = Release|Any CPU
		{31B47596-2698-4890-A347-9927ACA48594}.Release|Any CPU.Build.0 = Release|Any CPU
		{49C85A16-E504-45F6-A7FB-F18CF5EE6742}.Debug|Any CPU.ActiveCfg = Debug|Any CPU
		{49C85A16-E504-45F6-A7FB-F18CF5EE6742}.Debug|Any CPU.Build.0 = Debug|Any CPU
		{49C85A16-E504-45F6-A7FB-F18CF5EE6742}.Release|Any CPU.ActiveCfg = Release|Any CPU
		{49C85A16-E504-45F6-A7FB-F18CF5EE6742}.Release|Any CPU.Build.0 = Release|Any CPU
		{3E5A12C6-93D6-4607-A0E3-53580885C2CA}.Debug|Any CPU.ActiveCfg = Debug|Any CPU
		{3E5A12C6-93D6-4607-A0E3-53580885C2CA}.Debug|Any CPU.Build.0 = Debug|Any CPU
		{3E5A12C6-93D6-4607-A0E3-53580885C2CA}.Release|Any CPU.ActiveCfg = Release|Any CPU
		{3E5A12C6-93D6-4607-A0E3-53580885C2CA}.Release|Any CPU.Build.0 = Release|Any CPU
		{F1518E32-9305-4E7E-AC18-DE20974E7804}.Debug|Any CPU.ActiveCfg = Debug|Any CPU
		{F1518E32-9305-4E7E-AC18-DE20974E7804}.Debug|Any CPU.Build.0 = Debug|Any CPU
		{F1518E32-9305-4E7E-AC18-DE20974E7804}.Release|Any CPU.ActiveCfg = Release|Any CPU
		{F1518E32-9305-4E7E-AC18-DE20974E7804}.Release|Any CPU.Build.0 = Release|Any CPU
		{4985076C-18F0-4EF5-917A-80531877444B}.Debug|Any CPU.ActiveCfg = Debug|Any CPU
		{4985076C-18F0-4EF5-917A-80531877444B}.Debug|Any CPU.Build.0 = Debug|Any CPU
		{4985076C-18F0-4EF5-917A-80531877444B}.Release|Any CPU.ActiveCfg = Release|Any CPU
		{4985076C-18F0-4EF5-917A-80531877444B}.Release|Any CPU.Build.0 = Release|Any CPU
		{24CE798A-8F4C-48A9-AECA-B86F4037A369}.Debug|Any CPU.ActiveCfg = Debug|Any CPU
		{24CE798A-8F4C-48A9-AECA-B86F4037A369}.Debug|Any CPU.Build.0 = Debug|Any CPU
		{24CE798A-8F4C-48A9-AECA-B86F4037A369}.Release|Any CPU.ActiveCfg = Release|Any CPU
		{24CE798A-8F4C-48A9-AECA-B86F4037A369}.Release|Any CPU.Build.0 = Release|Any CPU
		{70B44B88-AF74-44E6-9326-321E217564FC}.Debug|Any CPU.ActiveCfg = Debug|Any CPU
		{70B44B88-AF74-44E6-9326-321E217564FC}.Debug|Any CPU.Build.0 = Debug|Any CPU
		{70B44B88-AF74-44E6-9326-321E217564FC}.Release|Any CPU.ActiveCfg = Release|Any CPU
		{70B44B88-AF74-44E6-9326-321E217564FC}.Release|Any CPU.Build.0 = Release|Any CPU
	EndGlobalSection
	GlobalSection(SolutionProperties) = preSolution
		HideSolutionNode = FALSE
	EndGlobalSection
	GlobalSection(NestedProjects) = preSolution
		{31B47596-2698-4890-A347-9927ACA48594} = {B01961D1-CC2F-42E3-B560-9CD98126083B}
		{49C85A16-E504-45F6-A7FB-F18CF5EE6742} = {B01961D1-CC2F-42E3-B560-9CD98126083B}
		{3E5A12C6-93D6-4607-A0E3-53580885C2CA} = {B01961D1-CC2F-42E3-B560-9CD98126083B}
		{F1518E32-9305-4E7E-AC18-DE20974E7804} = {B01961D1-CC2F-42E3-B560-9CD98126083B}
		{24CE798A-8F4C-48A9-AECA-B86F4037A369} = {B01961D1-CC2F-42E3-B560-9CD98126083B}
		{70B44B88-AF74-44E6-9326-321E217564FC} = {B01961D1-CC2F-42E3-B560-9CD98126083B}
	EndGlobalSection
	GlobalSection(ExtensibilityGlobals) = postSolution
		SolutionGuid = {636C9BF9-A89F-49EE-A346-2F1821BDD053}
	EndGlobalSection
EndGlobal
